{
  "nodes": {
    "nixpkgs": {
      "locked": {
        "lastModified": 1734126203,
        "narHash": "sha256-0XovF7BYP50rTD2v4r55tR5MuBLet7q4xIz6Rgh3BBU=",
        "owner": "NixOS",
        "repo": "nixpkgs",
        "rev": "71a6392e367b08525ee710a93af2e80083b5b3e2",
        "type": "github"
      },
      "original": {
        "owner": "NixOS",
        "ref": "nixpkgs-unstable",
        "repo": "nixpkgs",
        "type": "github"
      }
    },
    "nixpkgs_2": {
      "locked": {
        "lastModified": 1728538411,
        "narHash": "sha256-f0SBJz1eZ2yOuKUr5CA9BHULGXVSn6miBuUWdTyhUhU=",
        "owner": "NixOS",
        "repo": "nixpkgs",
        "rev": "b69de56fac8c2b6f8fd27f2eca01dcda8e0a4221",
        "type": "github"
      },
      "original": {
        "owner": "NixOS",
        "ref": "nixpkgs-unstable",
        "repo": "nixpkgs",
        "type": "github"
      }
    },
    "root": {
      "inputs": {
        "nixpkgs": "nixpkgs",
        "rust-overlay": "rust-overlay"
      }
    },
    "rust-overlay": {
      "inputs": {
        "nixpkgs": "nixpkgs_2"
      },
      "locked": {
        "lastModified": 1734402816,
        "narHash": "sha256-cgQ8mjUJz7J3fp97lnvl0dSJ6vLt8yzUSmw3B7QKw94=",
        "owner": "oxalica",
        "repo": "rust-overlay",
        "rev": "e38fbd6e56e8cd1d61c65a21bbb7785e966707b4",
        "type": "github"
      },
      "original": {
        "owner": "oxalica",
        "repo": "rust-overlay",
        "type": "github"
      }
    }
  },
  "root": "root",
  "version": 7
}
